// !$*UTF8*$!
{
	archiveVersion = 1;
	classes = {
	};
	objectVersion = 48;
	objects = {

/* Begin PBXBuildFile section */
		DE0CDF671F81257A00A6D87B /* AppDelegate.swift in Sources */ = {isa = PBXBuildFile; fileRef = DE0CDF661F81257A00A6D87B /* AppDelegate.swift */; };
		DE0CDF691F81257A00A6D87B /* ViewController.swift in Sources */ = {isa = PBXBuildFile; fileRef = DE0CDF681F81257A00A6D87B /* ViewController.swift */; };
		DE0CDF6C1F81257A00A6D87B /* Main.storyboard in Resources */ = {isa = PBXBuildFile; fileRef = DE0CDF6A1F81257A00A6D87B /* Main.storyboard */; };
		DE0CDF6E1F81257A00A6D87B /* Assets.xcassets in Resources */ = {isa = PBXBuildFile; fileRef = DE0CDF6D1F81257A00A6D87B /* Assets.xcassets */; };
		DE0CDF711F81257A00A6D87B /* LaunchScreen.storyboard in Resources */ = {isa = PBXBuildFile; fileRef = DE0CDF6F1F81257A00A6D87B /* LaunchScreen.storyboard */; };
		DE0CDF7C1F81257A00A6D87B /* TaskManagerTests.swift in Sources */ = {isa = PBXBuildFile; fileRef = DE0CDF7B1F81257A00A6D87B /* TaskManagerTests.swift */; };
/* End PBXBuildFile section */

/* Begin PBXContainerItemProxy section */
		DE0CDF781F81257A00A6D87B /* PBXContainerItemProxy */ = {
			isa = PBXContainerItemProxy;
			containerPortal = DE0CDF5B1F81257A00A6D87B /* Project object */;
			proxyType = 1;
			remoteGlobalIDString = DE0CDF621F81257A00A6D87B;
			remoteInfo = TaskManager;
		};
/* End PBXContainerItemProxy section */

/* Begin PBXFileReference section */
		DE0CDF631F81257A00A6D87B /* TaskManager.app */ = {isa = PBXFileReference; explicitFileType = wrapper.application; includeInIndex = 0; path = TaskManager.app; sourceTree = BUILT_PRODUCTS_DIR; };
		DE0CDF661F81257A00A6D87B /* AppDelegate.swift */ = {isa = PBXFileReference; lastKnownFileType = sourcecode.swift; path = AppDelegate.swift; sourceTree = "<group>"; };
		DE0CDF681F81257A00A6D87B /* ViewController.swift */ = {isa = PBXFileReference; lastKnownFileType = sourcecode.swift; path = ViewController.swift; sourceTree = "<group>"; };
		DE0CDF6B1F81257A00A6D87B /* Base */ = {isa = PBXFileReference; lastKnownFileType = file.storyboard; name = Base; path = Base.lproj/Main.storyboard; sourceTree = "<group>"; };
		DE0CDF6D1F81257A00A6D87B /* Assets.xcassets */ = {isa = PBXFileReference; lastKnownFileType = folder.assetcatalog; path = Assets.xcassets; sourceTree = "<group>"; };
		DE0CDF701F81257A00A6D87B /* Base */ = {isa = PBXFileReference; lastKnownFileType = file.storyboard; name = Base; path = Base.lproj/LaunchScreen.storyboard; sourceTree = "<group>"; };
		DE0CDF721F81257A00A6D87B /* Info.plist */ = {isa = PBXFileReference; lastKnownFileType = text.plist.xml; path = Info.plist; sourceTree = "<group>"; };
		DE0CDF771F81257A00A6D87B /* TaskManagerTests.xctest */ = {isa = PBXFileReference; explicitFileType = wrapper.cfbundle; includeInIndex = 0; path = TaskManagerTests.xctest; sourceTree = BUILT_PRODUCTS_DIR; };
		DE0CDF7B1F81257A00A6D87B /* TaskManagerTests.swift */ = {isa = PBXFileReference; lastKnownFileType = sourcecode.swift; path = TaskManagerTests.swift; sourceTree = "<group>"; };
		DE0CDF7D1F81257A00A6D87B /* Info.plist */ = {isa = PBXFileReference; lastKnownFileType = text.plist.xml; path = Info.plist; sourceTree = "<group>"; };
/* End PBXFileReference section */

/* Begin PBXFrameworksBuildPhase section */
		DE0CDF601F81257A00A6D87B /* Frameworks */ = {
			isa = PBXFrameworksBuildPhase;
			buildActionMask = 2147483647;
			files = (
			);
			runOnlyForDeploymentPostprocessing = 0;
		};
		DE0CDF741F81257A00A6D87B /* Frameworks */ = {
			isa = PBXFrameworksBuildPhase;
			buildActionMask = 2147483647;
			files = (
			);
			runOnlyForDeploymentPostprocessing = 0;
		};
/* End PBXFrameworksBuildPhase section */

/* Begin PBXGroup section */
		DE0CDF5A1F81257A00A6D87B = {
			isa = PBXGroup;
			children = (
				DE0CDF651F81257A00A6D87B /* TaskManager */,
				DE0CDF7A1F81257A00A6D87B /* TaskManagerTests */,
				DE0CDF641F81257A00A6D87B /* Products */,
			);
			sourceTree = "<group>";
		};
		DE0CDF641F81257A00A6D87B /* Products */ = {
			isa = PBXGroup;
			children = (
				DE0CDF631F81257A00A6D87B /* TaskManager.app */,
				DE0CDF771F81257A00A6D87B /* TaskManagerTests.xctest */,
			);
			name = Products;
			sourceTree = "<group>";
		};
		DE0CDF651F81257A00A6D87B /* TaskManager */ = {
			isa = PBXGroup;
			children = (
				DE0CDF661F81257A00A6D87B /* AppDelegate.swift */,
				DE0CDF681F81257A00A6D87B /* ViewController.swift */,
				DE0CDF6A1F81257A00A6D87B /* Main.storyboard */,
				DE0CDF6D1F81257A00A6D87B /* Assets.xcassets */,
				DE0CDF6F1F81257A00A6D87B /* LaunchScreen.storyboard */,
				DE0CDF721F81257A00A6D87B /* Info.plist */,
			);
			path = TaskManager;
			sourceTree = "<group>";
		};
		DE0CDF7A1F81257A00A6D87B /* TaskManagerTests */ = {
			isa = PBXGroup;
			children = (
				DE0CDF7B1F81257A00A6D87B /* TaskManagerTests.swift */,
				DE0CDF7D1F81257A00A6D87B /* Info.plist */,
			);
			path = TaskManagerTests;
			sourceTree = "<group>";
		};
/* End PBXGroup section */

/* Begin PBXNativeTarget section */
		DE0CDF621F81257A00A6D87B /* TaskManager */ = {
			isa = PBXNativeTarget;
			buildConfigurationList = DE0CDF801F81257A00A6D87B /* Build configuration list for PBXNativeTarget "TaskManager" */;
			buildPhases = (
				DE0CDF5F1F81257A00A6D87B /* Sources */,
				DE0CDF601F81257A00A6D87B /* Frameworks */,
				DE0CDF611F81257A00A6D87B /* Resources */,
			);
			buildRules = (
			);
			dependencies = (
			);
			name = TaskManager;
			productName = TaskManager;
			productReference = DE0CDF631F81257A00A6D87B /* TaskManager.app */;
			productType = "com.apple.product-type.application";
		};
		DE0CDF761F81257A00A6D87B /* TaskManagerTests */ = {
			isa = PBXNativeTarget;
			buildConfigurationList = DE0CDF831F81257A00A6D87B /* Build configuration list for PBXNativeTarget "TaskManagerTests" */;
			buildPhases = (
				DE0CDF731F81257A00A6D87B /* Sources */,
				DE0CDF741F81257A00A6D87B /* Frameworks */,
				DE0CDF751F81257A00A6D87B /* Resources */,
			);
			buildRules = (
			);
			dependencies = (
				DE0CDF791F81257A00A6D87B /* PBXTargetDependency */,
			);
			name = TaskManagerTests;
			productName = TaskManagerTests;
			productReference = DE0CDF771F81257A00A6D87B /* TaskManagerTests.xctest */;
			productType = "com.apple.product-type.bundle.unit-test";
		};
/* End PBXNativeTarget section */

/* Begin PBXProject section */
		DE0CDF5B1F81257A00A6D87B /* Project object */ = {
			isa = PBXProject;
			attributes = {
				LastSwiftUpdateCheck = 0900;
				LastUpgradeCheck = 0900;
				ORGANIZATIONNAME = "Fröhling";
				TargetAttributes = {
					DE0CDF621F81257A00A6D87B = {
						CreatedOnToolsVersion = 9.0;
						ProvisioningStyle = Automatic;
					};
					DE0CDF761F81257A00A6D87B = {
						CreatedOnToolsVersion = 9.0;
						ProvisioningStyle = Automatic;
						TestTargetID = DE0CDF621F81257A00A6D87B;
					};
				};
			};
			buildConfigurationList = DE0CDF5E1F81257A00A6D87B /* Build configuration list for PBXProject "TaskManager" */;
			compatibilityVersion = "Xcode 8.0";
			developmentRegion = en;
			hasScannedForEncodings = 0;
			knownRegions = (
				en,
				Base,
			);
			mainGroup = DE0CDF5A1F81257A00A6D87B;
			productRefGroup = DE0CDF641F81257A00A6D87B /* Products */;
			projectDirPath = "";
			projectRoot = "";
			targets = (
				DE0CDF621F81257A00A6D87B /* TaskManager */,
				DE0CDF761F81257A00A6D87B /* TaskManagerTests */,
			);
		};
/* End PBXProject section */

/* Begin PBXResourcesBuildPhase section */
		DE0CDF611F81257A00A6D87B /* Resources */ = {
			isa = PBXResourcesBuildPhase;
			buildActionMask = 2147483647;
			files = (
				DE0CDF711F81257A00A6D87B /* LaunchScreen.storyboard in Resources */,
				DE0CDF6E1F81257A00A6D87B /* Assets.xcassets in Resources */,
				DE0CDF6C1F81257A00A6D87B /* Main.storyboard in Resources */,
			);
			runOnlyForDeploymentPostprocessing = 0;
		};
		DE0CDF751F81257A00A6D87B /* Resources */ = {
			isa = PBXResourcesBuildPhase;
			buildActionMask = 2147483647;
			files = (
			);
			runOnlyForDeploymentPostprocessing = 0;
		};
/* End PBXResourcesBuildPhase section */

/* Begin PBXSourcesBuildPhase section */
		DE0CDF5F1F81257A00A6D87B /* Sources */ = {
			isa = PBXSourcesBuildPhase;
			buildActionMask = 2147483647;
			files = (
				DE0CDF691F81257A00A6D87B /* ViewController.swift in Sources */,
				DE0CDF671F81257A00A6D87B /* AppDelegate.swift in Sources */,
			);
			runOnlyForDeploymentPostprocessing = 0;
		};
		DE0CDF731F81257A00A6D87B /* Sources */ = {
			isa = PBXSourcesBuildPhase;
			buildActionMask = 2147483647;
			files = (
				DE0CDF7C1F81257A00A6D87B /* TaskManagerTests.swift in Sources */,
			);
			runOnlyForDeploymentPostprocessing = 0;
		};
/* End PBXSourcesBuildPhase section */

/* Begin PBXTargetDependency section */
		DE0CDF791F81257A00A6D87B /* PBXTargetDependency */ = {
			isa = PBXTargetDependency;
			target = DE0CDF621F81257A00A6D87B /* TaskManager */;
			targetProxy = DE0CDF781F81257A00A6D87B /* PBXContainerItemProxy */;
		};
/* End PBXTargetDependency section */

/* Begin PBXVariantGroup section */
		DE0CDF6A1F81257A00A6D87B /* Main.storyboard */ = {
			isa = PBXVariantGroup;
			children = (
				DE0CDF6B1F81257A00A6D87B /* Base */,
			);
			name = Main.storyboard;
			sourceTree = "<group>";
		};
		DE0CDF6F1F81257A00A6D87B /* LaunchScreen.storyboard */ = {
			isa = PBXVariantGroup;
			children = (
				DE0CDF701F81257A00A6D87B /* Base */,
			);
			name = LaunchScreen.storyboard;
			sourceTree = "<group>";
		};
/* End PBXVariantGroup section */

/* Begin XCBuildConfiguration section */
		DE0CDF7E1F81257A00A6D87B /* Debug */ = {
			isa = XCBuildConfiguration;
			buildSettings = {
				ALWAYS_SEARCH_USER_PATHS = NO;
				CLANG_ANALYZER_NONNULL = YES;
				CLANG_ANALYZER_NUMBER_OBJECT_CONVERSION = YES_AGGRESSIVE;
				CLANG_CXX_LANGUAGE_STANDARD = "gnu++14";
				CLANG_CXX_LIBRARY = "libc++";
				CLANG_ENABLE_MODULES = YES;
				CLANG_ENABLE_OBJC_ARC = YES;
				CLANG_WARN_BLOCK_CAPTURE_AUTORELEASING = YES;
				CLANG_WARN_BOOL_CONVERSION = YES;
				CLANG_WARN_COMMA = YES;
				CLANG_WARN_CONSTANT_CONVERSION = YES;
				CLANG_WARN_DIRECT_OBJC_ISA_USAGE = YES_ERROR;
				CLANG_WARN_DOCUMENTATION_COMMENTS = YES;
				CLANG_WARN_EMPTY_BODY = YES;
				CLANG_WARN_ENUM_CONVERSION = YES;
				CLANG_WARN_INFINITE_RECURSION = YES;
				CLANG_WARN_INT_CONVERSION = YES;
				CLANG_WARN_NON_LITERAL_NULL_CONVERSION = YES;
				CLANG_WARN_OBJC_LITERAL_CONVERSION = YES;
				CLANG_WARN_OBJC_ROOT_CLASS = YES_ERROR;
				CLANG_WARN_RANGE_LOOP_ANALYSIS = YES;
				CLANG_WARN_STRICT_PROTOTYPES = YES;
				CLANG_WARN_SUSPICIOUS_MOVE = YES;
				CLANG_WARN_UNGUARDED_AVAILABILITY = YES_AGGRESSIVE;
				CLANG_WARN_UNREACHABLE_CODE = YES;
				CLANG_WARN__DUPLICATE_METHOD_MATCH = YES;
				CODE_SIGN_IDENTITY = "iPhone Developer";
				COPY_PHASE_STRIP = NO;
				DEBUG_INFORMATION_FORMAT = dwarf;
				ENABLE_STRICT_OBJC_MSGSEND = YES;
				ENABLE_TESTABILITY = YES;
				GCC_C_LANGUAGE_STANDARD = gnu11;
				GCC_DYNAMIC_NO_PIC = NO;
				GCC_NO_COMMON_BLOCKS = YES;
				GCC_OPTIMIZATION_LEVEL = 0;
				GCC_PREPROCESSOR_DEFINITIONS = (
					"DEBUG=1",
					"$(inherited)",
				);
				GCC_WARN_64_TO_32_BIT_CONVERSION = YES;
				GCC_WARN_ABOUT_RETURN_TYPE = YES_ERROR;
				GCC_WARN_UNDECLARED_SELECTOR = YES;
				GCC_WARN_UNINITIALIZED_AUTOS = YES_AGGRESSIVE;
				GCC_WARN_UNUSED_FUNCTION = YES;
				GCC_WARN_UNUSED_VARIABLE = YES;
				IPHONEOS_DEPLOYMENT_TARGET = 11.0;
				MTL_ENABLE_DEBUG_INFO = YES;
				ONLY_ACTIVE_ARCH = YES;
				SDKROOT = iphoneos;
				SWIFT_ACTIVE_COMPILATION_CONDITIONS = DEBUG;
				SWIFT_OPTIMIZATION_LEVEL = "-Onone";
			};
			name = Debug;
		};
		DE0CDF7F1F81257A00A6D87B /* Release */ = {
			isa = XCBuildConfiguration;
			buildSettings = {
				ALWAYS_SEARCH_USER_PATHS = NO;
				CLANG_ANALYZER_NONNULL = YES;
				CLANG_ANALYZER_NUMBER_OBJECT_CONVERSION = YES_AGGRESSIVE;
				CLANG_CXX_LANGUAGE_STANDARD = "gnu++14";
				CLANG_CXX_LIBRARY = "libc++";
				CLANG_ENABLE_MODULES = YES;
				CLANG_ENABLE_OBJC_ARC = YES;
				CLANG_WARN_BLOCK_CAPTURE_AUTORELEASING = YES;
				CLANG_WARN_BOOL_CONVERSION = YES;
				CLANG_WARN_COMMA = YES;
				CLANG_WARN_CONSTANT_CONVERSION = YES;
				CLANG_WARN_DIRECT_OBJC_ISA_USAGE = YES_ERROR;
				CLANG_WARN_DOCUMENTATION_COMMENTS = YES;
				CLANG_WARN_EMPTY_BODY = YES;
				CLANG_WARN_ENUM_CONVERSION = YES;
				CLANG_WARN_INFINITE_RECURSION = YES;
				CLANG_WARN_INT_CONVERSION = YES;
				CLANG_WARN_NON_LITERAL_NULL_CONVERSION = YES;
				CLANG_WARN_OBJC_LITERAL_CONVERSION = YES;
				CLANG_WARN_OBJC_ROOT_CLASS = YES_ERROR;
				CLANG_WARN_RANGE_LOOP_ANALYSIS = YES;
				CLANG_WARN_STRICT_PROTOTYPES = YES;
				CLANG_WARN_SUSPICIOUS_MOVE = YES;
				CLANG_WARN_UNGUARDED_AVAILABILITY = YES_AGGRESSIVE;
				CLANG_WARN_UNREACHABLE_CODE = YES;
				CLANG_WARN__DUPLICATE_METHOD_MATCH = YES;
				CODE_SIGN_IDENTITY = "iPhone Developer";
				COPY_PHASE_STRIP = NO;
				DEBUG_INFORMATION_FORMAT = "dwarf-with-dsym";
				ENABLE_NS_ASSERTIONS = NO;
				ENABLE_STRICT_OBJC_MSGSEND = YES;
				GCC_C_LANGUAGE_STANDARD = gnu11;
				GCC_NO_COMMON_BLOCKS = YES;
				GCC_WARN_64_TO_32_BIT_CONVERSION = YES;
				GCC_WARN_ABOUT_RETURN_TYPE = YES_ERROR;
				GCC_WARN_UNDECLARED_SELECTOR = YES;
				GCC_WARN_UNINITIALIZED_AUTOS = YES_AGGRESSIVE;
				GCC_WARN_UNUSED_FUNCTION = YES;
				GCC_WARN_UNUSED_VARIABLE = YES;
				IPHONEOS_DEPLOYMENT_TARGET = 11.0;
				MTL_ENABLE_DEBUG_INFO = NO;
				SDKROOT = iphoneos;
				SWIFT_OPTIMIZATION_LEVEL = "-Owholemodule";
				VALIDATE_PRODUCT = YES;
			};
			name = Release;
		};
		DE0CDF811F81257A00A6D87B /* Debug */ = {
			isa = XCBuildConfiguration;
			buildSettings = {
				ASSETCATALOG_COMPILER_APPICON_NAME = AppIcon;
				CODE_SIGN_STYLE = Automatic;
				INFOPLIST_FILE = TaskManager/Info.plist;
				LD_RUNPATH_SEARCH_PATHS = "$(inherited) @executable_path/Frameworks";
				PRODUCT_BUNDLE_IDENTIFIER = bj.frohling.TaskManager;
				PRODUCT_NAME = "$(TARGET_NAME)";
				SWIFT_VERSION = 4.0;
				TARGETED_DEVICE_FAMILY = "1,2";
			};
			name = Debug;
		};
		DE0CDF821F81257A00A6D87B /* Release */ = {
			isa = XCBuildConfiguration;
			buildSettings = {
				ASSETCATALOG_COMPILER_APPICON_NAME = AppIcon;
				CODE_SIGN_STYLE = Automatic;
				INFOPLIST_FILE = TaskManager/Info.plist;
				LD_RUNPATH_SEARCH_PATHS = "$(inherited) @executable_path/Frameworks";
				PRODUCT_BUNDLE_IDENTIFIER = bj.frohling.TaskManager;
				PRODUCT_NAME = "$(TARGET_NAME)";
				SWIFT_VERSION = 4.0;
				TARGETED_DEVICE_FAMILY = "1,2";
			};
			name = Release;
		};
		DE0CDF841F81257A00A6D87B /* Debug */ = {
			isa = XCBuildConfiguration;
			buildSettings = {
				ALWAYS_EMBED_SWIFT_STANDARD_LIBRARIES = YES;
				BUNDLE_LOADER = "$(TEST_HOST)";
				CODE_SIGN_STYLE = Automatic;
				INFOPLIST_FILE = TaskManagerTests/Info.plist;
				LD_RUNPATH_SEARCH_PATHS = "$(inherited) @executable_path/Frameworks @loader_path/Frameworks";
				PRODUCT_BUNDLE_IDENTIFIER = bj.frohling.TaskManagerTests;
				PRODUCT_NAME = "$(TARGET_NAME)";
				SWIFT_VERSION = 4.0;
				TARGETED_DEVICE_FAMILY = "1,2";
				TEST_HOST = "$(BUILT_PRODUCTS_DIR)/TaskManager.app/TaskManager";
			};
			name = Debug;
		};
		DE0CDF851F81257A00A6D87B /* Release */ = {
			isa = XCBuildConfiguration;
			buildSettings = {
				ALWAYS_EMBED_SWIFT_STANDARD_LIBRARIES = YES;
				BUNDLE_LOADER = "$(TEST_HOST)";
				CODE_SIGN_STYLE = Automatic;
				INFOPLIST_FILE = TaskManagerTests/Info.plist;
				LD_RUNPATH_SEARCH_PATHS = "$(inherited) @executable_path/Frameworks @loader_path/Frameworks";
				PRODUCT_BUNDLE_IDENTIFIER = bj.frohling.TaskManagerTests;
				PRODUCT_NAME = "$(TARGET_NAME)";
				SWIFT_VERSION = 4.0;
				TARGETED_DEVICE_FAMILY = "1,2";
				TEST_HOST = "$(BUILT_PRODUCTS_DIR)/TaskManager.app/TaskManager";
			};
			name = Release;
		};
/* End XCBuildConfiguration section */

/* Begin XCConfigurationList section */
		DE0CDF5E1F81257A00A6D87B /* Build configuration list for PBXProject "TaskManager" */ = {
			isa = XCConfigurationList;
			buildConfigurations = (
				DE0CDF7E1F81257A00A6D87B /* Debug */,
				DE0CDF7F1F81257A00A6D87B /* Release */,
			);
			defaultConfigurationIsVisible = 0;
			defaultConfigurationName = Release;
		};
		DE0CDF801F81257A00A6D87B /* Build configuration list for PBXNativeTarget "TaskManager" */ = {
			isa = XCConfigurationList;
			buildConfigurations = (
				DE0CDF811F81257A00A6D87B /* Debug */,
				DE0CDF821F81257A00A6D87B /* Release */,
			);
			defaultConfigurationIsVisible = 0;
			defaultConfigurationName = Release;
		};
		DE0CDF831F81257A00A6D87B /* Build configuration list for PBXNativeTarget "TaskManagerTests" */ = {
			isa = XCConfigurationList;
			buildConfigurations = (
				DE0CDF841F81257A00A6D87B /* Debug */,
				DE0CDF851F81257A00A6D87B /* Release */,
			);
			defaultConfigurationIsVisible = 0;
			defaultConfigurationName = Release;
		};
/* End XCConfigurationList section */
	};
	rootObject = DE0CDF5B1F81257A00A6D87B /* Project object */;
}
